{
  "requires": true,
  "lockfileVersion": 1,
  "dependencies": {
    "@agm/core": {
      "version": "3.0.0-beta.0",
      "resolved": "https://registry.npmjs.org/@agm/core/-/core-3.0.0-beta.0.tgz",
      "integrity": "sha512-KNmKbe89Nen7s7+mX63RgX88jBfajUZCFqkHIQ8Fd+Lf/ko/IY6yw4kPh0iYGxgPVPjpsHJ06GZ5m3ZxpEVX9A==",
      "requires": {
        "tslib": "^2.0.0"
      }
    },
    "@agm/snazzy-info-window": {
      "version": "3.0.0-beta.0",
      "resolved": "https://registry.npmjs.org/@agm/snazzy-info-window/-/snazzy-info-window-3.0.0-beta.0.tgz",
      "integrity": "sha512-pB+5ju1hgmq2hiSyKGxuTzI86Tv8y4esMiimfdR/QEIce0WRRX9u/cK2AnK1b927F2K1WneSIRl+u+bkA1/Jdw==",
      "requires": {
        "tslib": "^2.0.0"
      }
    },
    "snazzy-info-window": {
      "version": "1.1.0",
      "resolved": "https://registry.npmjs.org/snazzy-info-window/-/snazzy-info-window-1.1.0.tgz",
      "integrity": "sha1-ux4ws3r4/aj/kAZHQIWtVIbwbw8="
    },
    "tslib": {
      "version": "2.3.0",
      "resolved": "https://registry.npmjs.org/tslib/-/tslib-2.3.0.tgz",
      "integrity": "sha512-N82ooyxVNm6h1riLCoyS9e3fuJ3AMG2zIZs2Gd1ATcSFjSA23Q0fzjjZeh0jbJvWVDZ0cJT8yaNNaaXHzueNjg=="
    }
  }
}
