{
  "requires": true,
  "lockfileVersion": 1,
  "dependencies": {
    "@types/google.maps": {
      "version": "3.47.0",
      "resolved": "https://registry.npmjs.org/@types/google.maps/-/google.maps-3.47.0.tgz",
      "integrity": "sha512-/Auj3324mp/E/T5QXAQnXcxtSUgsC1AH//Zt3COYqcwNCmVZNSwytl15jzyjxLcYA0ZDBE1ZBWTawEJPxZqR/w=="
    }
  }
}
